
Microsoft Visual Studio Solution File, Format Version 12.00
# Visual Studio Version 16
VisualStudioVersion = 16.0.30413.136
MinimumVisualStudioVersion = 10.0.40219.1
Project("{9A19103F-16F7-4668-BE54-9A1E7A4F7556}") = "SalesforceConnector", "SalesforceConnector\SalesforceConnector.csproj", "{D721AC65-E18F-4469-8630-34605CE9310A}"
EndProject
Project("{FAE04EC0-301F-11D3-BF4B-00C04F79EFBC}") = "SalesforceConnector.Tests", "SalesforceConnector.Tests\SalesforceConnector.Tests.csproj", "{39A21313-6674-496A-BD2E-11AEE4241DA9}"
EndProject
Global
	GlobalSection(SolutionConfigurationPlatforms) = preSolution
		Debug|Any CPU = Debug|Any CPU
		Release|Any CPU = Release|Any CPU
	EndGlobalSection
	GlobalSection(ProjectConfigurationPlatforms) = postSolution
		{D721AC65-E18F-4469-8630-34605CE9310A}.Debug|Any CPU.ActiveCfg = Debug|Any CPU
		{D721AC65-E18F-4469-8630-34605CE9310A}.Debug|Any CPU.Build.0 = Debug|Any CPU
		{D721AC65-E18F-4469-8630-34605CE9310A}.Release|Any CPU.ActiveCfg = Release|Any CPU
		{D721AC65-E18F-4469-8630-34605CE9310A}.Release|Any CPU.Build.0 = Release|Any CPU
		{39A21313-6674-496A-BD2E-11AEE4241DA9}.Debug|Any CPU.ActiveCfg = Debug|Any CPU
		{39A21313-6674-496A-BD2E-11AEE4241DA9}.Debug|Any CPU.Build.0 = Debug|Any CPU
		{39A21313-6674-496A-BD2E-11AEE4241DA9}.Release|Any CPU.ActiveCfg = Release|Any CPU
		{39A21313-6674-496A-BD2E-11AEE4241DA9}.Release|Any CPU.Build.0 = Release|Any CPU
	EndGlobalSection
	GlobalSection(SolutionProperties) = preSolution
		HideSolutionNode = FALSE
	EndGlobalSection
	GlobalSection(ExtensibilityGlobals) = postSolution
		SolutionGuid = {671DAFC8-A404-4EDF-B7AB-53E4FF178075}
	EndGlobalSection
EndGlobal
